Microsoft Visual Studio Solution File, Format Version 12.00
# Visual Studio Version 17
VisualStudioVersion = 17.5.2.0
MinimumVisualStudioVersion = 10.0.40219.1
Project("{FAE04EC0-301F-11D3-BF4B-00C04F79EFBC}") = "FitSpark.Api", "FitSpark.Api\FitSpark.Api.csproj", "{5F63F986-F443-6BDF-33FF-0873B61793FC}"
EndProject
Global
	GlobalSection(SolutionConfigurationPlatforms) = preSolution
		Debug|Any CPU = Debug|Any CPU
		Release|Any CPU = Release|Any CPU
	EndGlobalSection
	GlobalSection(ProjectConfigurationPlatforms) = postSolution
		{5F63F986-F443-6BDF-33FF-0873B61793FC}.Debug|Any CPU.ActiveCfg = Debug|Any CPU
		{5F63F986-F443-6BDF-33FF-0873B61793FC}.Debug|Any CPU.Build.0 = Debug|Any CPU
		{5F63F986-F443-6BDF-33FF-0873B61793FC}.Release|Any CPU.ActiveCfg = Release|Any CPU
		{5F63F986-F443-6BDF-33FF-0873B61793FC}.Release|Any CPU.Build.0 = Release|Any CPU
	EndGlobalSection
	GlobalSection(SolutionProperties) = preSolution
		HideSolutionNode = FALSE
	EndGlobalSection
	GlobalSection(ExtensibilityGlobals) = postSolution
		SolutionGuid = {B876B5FA-0059-41D7-849F-A5491F8C9872}
	EndGlobalSection
EndGlobal
